// !$*UTF8*$!
{
	archiveVersion = 1;
	classes = {
	};
	objectVersion = 50;
	objects = {

/* Begin PBXBuildFile section */
		34B3BD9726E8510600029621 /* AppDelegate.swift in Sources */ = {isa = PBXBuildFile; fileRef = 34B3BD9626E8510600029621 /* AppDelegate.swift */; };
		34B3BD9926E8510600029621 /* SceneDelegate.swift in Sources */ = {isa = PBXBuildFile; fileRef = 34B3BD9826E8510600029621 /* SceneDelegate.swift */; };
		34B3BD9B26E8510600029621 /* ViewController.swift in Sources */ = {isa = PBXBuildFile; fileRef = 34B3BD9A26E8510600029621 /* ViewController.swift */; };
		34B3BD9E26E8510600029621 /* Main.storyboard in Resources */ = {isa = PBXBuildFile; fileRef = 34B3BD9C26E8510600029621 /* Main.storyboard */; };
		34B3BDA026E8510800029621 /* Assets.xcassets in Resources */ = {isa = PBXBuildFile; fileRef = 34B3BD9F26E8510800029621 /* Assets.xcassets */; };
		34B3BDA326E8510800029621 /* LaunchScreen.storyboard in Resources */ = {isa = PBXBuildFile; fileRef = 34B3BDA126E8510800029621 /* LaunchScreen.storyboard */; };
		34B3BDAE26E8510800029621 /* music_PlayerTests.swift in Sources */ = {isa = PBXBuildFile; fileRef = 34B3BDAD26E8510800029621 /* music_PlayerTests.swift */; };
		34B3BDB926E8510800029621 /* music_PlayerUITests.swift in Sources */ = {isa = PBXBuildFile; fileRef = 34B3BDB826E8510800029621 /* music_PlayerUITests.swift */; };
/* End PBXBuildFile section */

/* Begin PBXContainerItemProxy section */
		34B3BDAA26E8510800029621 /* PBXContainerItemProxy */ = {
			isa = PBXContainerItemProxy;
			containerPortal = 34B3BD8B26E8510600029621 /* Project object */;
			proxyType = 1;
			remoteGlobalIDString = 34B3BD9226E8510600029621;
			remoteInfo = music_Player;
		};
		34B3BDB526E8510800029621 /* PBXContainerItemProxy */ = {
			isa = PBXContainerItemProxy;
			containerPortal = 34B3BD8B26E8510600029621 /* Project object */;
			proxyType = 1;
			remoteGlobalIDString = 34B3BD9226E8510600029621;
			remoteInfo = music_Player;
		};
/* End PBXContainerItemProxy section */

/* Begin PBXFileReference section */
		34B3BD9326E8510600029621 /* music_Player.app */ = {isa = PBXFileReference; explicitFileType = wrapper.application; includeInIndex = 0; path = music_Player.app; sourceTree = BUILT_PRODUCTS_DIR; };
		34B3BD9626E8510600029621 /* AppDelegate.swift */ = {isa = PBXFileReference; lastKnownFileType = sourcecode.swift; path = AppDelegate.swift; sourceTree = "<group>"; };
		34B3BD9826E8510600029621 /* SceneDelegate.swift */ = {isa = PBXFileReference; lastKnownFileType = sourcecode.swift; path = SceneDelegate.swift; sourceTree = "<group>"; };
		34B3BD9A26E8510600029621 /* ViewController.swift */ = {isa = PBXFileReference; lastKnownFileType = sourcecode.swift; path = ViewController.swift; sourceTree = "<group>"; };
		34B3BD9D26E8510600029621 /* Base */ = {isa = PBXFileReference; lastKnownFileType = file.storyboard; name = Base; path = Base.lproj/Main.storyboard; sourceTree = "<group>"; };
		34B3BD9F26E8510800029621 /* Assets.xcassets */ = {isa = PBXFileReference; lastKnownFileType = folder.assetcatalog; path = Assets.xcassets; sourceTree = "<group>"; };
		34B3BDA226E8510800029621 /* Base */ = {isa = PBXFileReference; lastKnownFileType = file.storyboard; name = Base; path = Base.lproj/LaunchScreen.storyboard; sourceTree = "<group>"; };
		34B3BDA426E8510800029621 /* Info.plist */ = {isa = PBXFileReference; lastKnownFileType = text.plist.xml; path = Info.plist; sourceTree = "<group>"; };
		34B3BDA926E8510800029621 /* music_PlayerTests.xctest */ = {isa = PBXFileReference; explicitFileType = wrapper.cfbundle; includeInIndex = 0; path = music_PlayerTests.xctest; sourceTree = BUILT_PRODUCTS_DIR; };
		34B3BDAD26E8510800029621 /* music_PlayerTests.swift */ = {isa = PBXFileReference; lastKnownFileType = sourcecode.swift; path = music_PlayerTests.swift; sourceTree = "<group>"; };
		34B3BDAF26E8510800029621 /* Info.plist */ = {isa = PBXFileReference; lastKnownFileType = text.plist.xml; path = Info.plist; sourceTree = "<group>"; };
		34B3BDB426E8510800029621 /* music_PlayerUITests.xctest */ = {isa = PBXFileReference; explicitFileType = wrapper.cfbundle; includeInIndex = 0; path = music_PlayerUITests.xctest; sourceTree = BUILT_PRODUCTS_DIR; };
		34B3BDB826E8510800029621 /* music_PlayerUITests.swift */ = {isa = PBXFileReference; lastKnownFileType = sourcecode.swift; path = music_PlayerUITests.swift; sourceTree = "<group>"; };
		34B3BDBA26E8510800029621 /* Info.plist */ = {isa = PBXFileReference; lastKnownFileType = text.plist.xml; path = Info.plist; sourceTree = "<group>"; };
/* End PBXFileReference section */

/* Begin PBXFrameworksBuildPhase section */
		34B3BD9026E8510600029621 /* Frameworks */ = {
			isa = PBXFrameworksBuildPhase;
			buildActionMask = 2147483647;
			files = (
			);
			runOnlyForDeploymentPostprocessing = 0;
		};
		34B3BDA626E8510800029621 /* Frameworks */ = {
			isa = PBXFrameworksBuildPhase;
			buildActionMask = 2147483647;
			files = (
			);
			runOnlyForDeploymentPostprocessing = 0;
		};
		34B3BDB126E8510800029621 /* Frameworks */ = {
			isa = PBXFrameworksBuildPhase;
			buildActionMask = 2147483647;
			files = (
			);
			runOnlyForDeploymentPostprocessing = 0;
		};
/* End PBXFrameworksBuildPhase section */

/* Begin PBXGroup section */
		34B3BD8A26E8510600029621 = {
			isa = PBXGroup;
			children = (
				34B3BD9526E8510600029621 /* music_Player */,
				34B3BDAC26E8510800029621 /* music_PlayerTests */,
				34B3BDB726E8510800029621 /* music_PlayerUITests */,
				34B3BD9426E8510600029621 /* Products */,
			);
			sourceTree = "<group>";
		};
		34B3BD9426E8510600029621 /* Products */ = {
			isa = PBXGroup;
			children = (
				34B3BD9326E8510600029621 /* music_Player.app */,
				34B3BDA926E8510800029621 /* music_PlayerTests.xctest */,
				34B3BDB426E8510800029621 /* music_PlayerUITests.xctest */,
			);
			name = Products;
			sourceTree = "<group>";
		};
		34B3BD9526E8510600029621 /* music_Player */ = {
			isa = PBXGroup;
			children = (
				34B3BD9626E8510600029621 /* AppDelegate.swift */,
				34B3BD9826E8510600029621 /* SceneDelegate.swift */,
				34B3BD9A26E8510600029621 /* ViewController.swift */,
				34B3BD9C26E8510600029621 /* Main.storyboard */,
				34B3BD9F26E8510800029621 /* Assets.xcassets */,
				34B3BDA126E8510800029621 /* LaunchScreen.storyboard */,
				34B3BDA426E8510800029621 /* Info.plist */,
			);
			path = music_Player;
			sourceTree = "<group>";
		};
		34B3BDAC26E8510800029621 /* music_PlayerTests */ = {
			isa = PBXGroup;
			children = (
				34B3BDAD26E8510800029621 /* music_PlayerTests.swift */,
				34B3BDAF26E8510800029621 /* Info.plist */,
			);
			path = music_PlayerTests;
			sourceTree = "<group>";
		};
		34B3BDB726E8510800029621 /* music_PlayerUITests */ = {
			isa = PBXGroup;
			children = (
				34B3BDB826E8510800029621 /* music_PlayerUITests.swift */,
				34B3BDBA26E8510800029621 /* Info.plist */,
			);
			path = music_PlayerUITests;
			sourceTree = "<group>";
		};
/* End PBXGroup section */

/* Begin PBXNativeTarget section */
		34B3BD9226E8510600029621 /* music_Player */ = {
			isa = PBXNativeTarget;
			buildConfigurationList = 34B3BDBD26E8510800029621 /* Build configuration list for PBXNativeTarget "music_Player" */;
			buildPhases = (
				34B3BD8F26E8510600029621 /* Sources */,
				34B3BD9026E8510600029621 /* Frameworks */,
				34B3BD9126E8510600029621 /* Resources */,
			);
			buildRules = (
			);
			dependencies = (
			);
			name = music_Player;
			productName = music_Player;
			productReference = 34B3BD9326E8510600029621 /* music_Player.app */;
			productType = "com.apple.product-type.application";
		};
		34B3BDA826E8510800029621 /* music_PlayerTests */ = {
			isa = PBXNativeTarget;
			buildConfigurationList = 34B3BDC026E8510800029621 /* Build configuration list for PBXNativeTarget "music_PlayerTests" */;
			buildPhases = (
				34B3BDA526E8510800029621 /* Sources */,
				34B3BDA626E8510800029621 /* Frameworks */,
				34B3BDA726E8510800029621 /* Resources */,
			);
			buildRules = (
			);
			dependencies = (
				34B3BDAB26E8510800029621 /* PBXTargetDependency */,
			);
			name = music_PlayerTests;
			productName = music_PlayerTests;
			productReference = 34B3BDA926E8510800029621 /* music_PlayerTests.xctest */;
			productType = "com.apple.product-type.bundle.unit-test";
		};
		34B3BDB326E8510800029621 /* music_PlayerUITests */ = {
			isa = PBXNativeTarget;
			buildConfigurationList = 34B3BDC326E8510800029621 /* Build configuration list for PBXNativeTarget "music_PlayerUITests" */;
			buildPhases = (
				34B3BDB026E8510800029621 /* Sources */,
				34B3BDB126E8510800029621 /* Frameworks */,
				34B3BDB226E8510800029621 /* Resources */,
			);
			buildRules = (
			);
			dependencies = (
				34B3BDB626E8510800029621 /* PBXTargetDependency */,
			);
			name = music_PlayerUITests;
			productName = music_PlayerUITests;
			productReference = 34B3BDB426E8510800029621 /* music_PlayerUITests.xctest */;
			productType = "com.apple.product-type.bundle.ui-testing";
		};
/* End PBXNativeTarget section */

/* Begin PBXProject section */
		34B3BD8B26E8510600029621 /* Project object */ = {
			isa = PBXProject;
			attributes = {
				LastSwiftUpdateCheck = 1250;
				LastUpgradeCheck = 1250;
				TargetAttributes = {
					34B3BD9226E8510600029621 = {
						CreatedOnToolsVersion = 12.5;
					};
					34B3BDA826E8510800029621 = {
						CreatedOnToolsVersion = 12.5;
						TestTargetID = 34B3BD9226E8510600029621;
					};
					34B3BDB326E8510800029621 = {
						CreatedOnToolsVersion = 12.5;
						TestTargetID = 34B3BD9226E8510600029621;
					};
				};
			};
			buildConfigurationList = 34B3BD8E26E8510600029621 /* Build configuration list for PBXProject "music_Player" */;
			compatibilityVersion = "Xcode 9.3";
			developmentRegion = en;
			hasScannedForEncodings = 0;
			knownRegions = (
				en,
				Base,
			);
			mainGroup = 34B3BD8A26E8510600029621;
			productRefGroup = 34B3BD9426E8510600029621 /* Products */;
			projectDirPath = "";
			projectRoot = "";
			targets = (
				34B3BD9226E8510600029621 /* music_Player */,
				34B3BDA826E8510800029621 /* music_PlayerTests */,
				34B3BDB326E8510800029621 /* music_PlayerUITests */,
			);
		};
/* End PBXProject section */

/* Begin PBXResourcesBuildPhase section */
		34B3BD9126E8510600029621 /* Resources */ = {
			isa = PBXResourcesBuildPhase;
			buildActionMask = 2147483647;
			files = (
				34B3BDA326E8510800029621 /* LaunchScreen.storyboard in Resources */,
				34B3BDA026E8510800029621 /* Assets.xcassets in Resources */,
				34B3BD9E26E8510600029621 /* Main.storyboard in Resources */,
			);
			runOnlyForDeploymentPostprocessing = 0;
		};
		34B3BDA726E8510800029621 /* Resources */ = {
			isa = PBXResourcesBuildPhase;
			buildActionMask = 2147483647;
			files = (
			);
			runOnlyForDeploymentPostprocessing = 0;
		};
		34B3BDB226E8510800029621 /* Resources */ = {
			isa = PBXResourcesBuildPhase;
			buildActionMask = 2147483647;
			files = (
			);
			runOnlyForDeploymentPostprocessing = 0;
		};
/* End PBXResourcesBuildPhase section */

/* Begin PBXSourcesBuildPhase section */
		34B3BD8F26E8510600029621 /* Sources */ = {
			isa = PBXSourcesBuildPhase;
			buildActionMask = 2147483647;
			files = (
				34B3BD9B26E8510600029621 /* ViewController.swift in Sources */,
				34B3BD9726E8510600029621 /* AppDelegate.swift in Sources */,
				34B3BD9926E8510600029621 /* SceneDelegate.swift in Sources */,
			);
			runOnlyForDeploymentPostprocessing = 0;
		};
		34B3BDA526E8510800029621 /* Sources */ = {
			isa = PBXSourcesBuildPhase;
			buildActionMask = 2147483647;
			files = (
				34B3BDAE26E8510800029621 /* music_PlayerTests.swift in Sources */,
			);
			runOnlyForDeploymentPostprocessing = 0;
		};
		34B3BDB026E8510800029621 /* Sources */ = {
			isa = PBXSourcesBuildPhase;
			buildActionMask = 2147483647;
			files = (
				34B3BDB926E8510800029621 /* music_PlayerUITests.swift in Sources */,
			);
			runOnlyForDeploymentPostprocessing = 0;
		};
/* End PBXSourcesBuildPhase section */

/* Begin PBXTargetDependency section */
		34B3BDAB26E8510800029621 /* PBXTargetDependency */ = {
			isa = PBXTargetDependency;
			target = 34B3BD9226E8510600029621 /* music_Player */;
			targetProxy = 34B3BDAA26E8510800029621 /* PBXContainerItemProxy */;
		};
		34B3BDB626E8510800029621 /* PBXTargetDependency */ = {
			isa = PBXTargetDependency;
			target = 34B3BD9226E8510600029621 /* music_Player */;
			targetProxy = 34B3BDB526E8510800029621 /* PBXContainerItemProxy */;
		};
/* End PBXTargetDependency section */

/* Begin PBXVariantGroup section */
		34B3BD9C26E8510600029621 /* Main.storyboard */ = {
			isa = PBXVariantGroup;
			children = (
				34B3BD9D26E8510600029621 /* Base */,
			);
			name = Main.storyboard;
			sourceTree = "<group>";
		};
		34B3BDA126E8510800029621 /* LaunchScreen.storyboard */ = {
			isa = PBXVariantGroup;
			children = (
				34B3BDA226E8510800029621 /* Base */,
			);
			name = LaunchScreen.storyboard;
			sourceTree = "<group>";
		};
/* End PBXVariantGroup section */

/* Begin XCBuildConfiguration section */
		34B3BDBB26E8510800029621 /* Debug */ = {
			isa = XCBuildConfiguration;
			buildSettings = {
				ALWAYS_SEARCH_USER_PATHS = NO;
				CLANG_ANALYZER_NONNULL = YES;
				CLANG_ANALYZER_NUMBER_OBJECT_CONVERSION = YES_AGGRESSIVE;
				CLANG_CXX_LANGUAGE_STANDARD = "gnu++14";
				CLANG_CXX_LIBRARY = "libc++";
				CLANG_ENABLE_MODULES = YES;
				CLANG_ENABLE_OBJC_ARC = YES;
				CLANG_ENABLE_OBJC_WEAK = YES;
				CLANG_WARN_BLOCK_CAPTURE_AUTORELEASING = YES;
				CLANG_WARN_BOOL_CONVERSION = YES;
				CLANG_WARN_COMMA = YES;
				CLANG_WARN_CONSTANT_CONVERSION = YES;
				CLANG_WARN_DEPRECATED_OBJC_IMPLEMENTATIONS = YES;
				CLANG_WARN_DIRECT_OBJC_ISA_USAGE = YES_ERROR;
				CLANG_WARN_DOCUMENTATION_COMMENTS = YES;
				CLANG_WARN_EMPTY_BODY = YES;
				CLANG_WARN_ENUM_CONVERSION = YES;
				CLANG_WARN_INFINITE_RECURSION = YES;
				CLANG_WARN_INT_CONVERSION = YES;
				CLANG_WARN_NON_LITERAL_NULL_CONVERSION = YES;
				CLANG_WARN_OBJC_IMPLICIT_RETAIN_SELF = YES;
				CLANG_WARN_OBJC_LITERAL_CONVERSION = YES;
				CLANG_WARN_OBJC_ROOT_CLASS = YES_ERROR;
				CLANG_WARN_QUOTED_INCLUDE_IN_FRAMEWORK_HEADER = YES;
				CLANG_WARN_RANGE_LOOP_ANALYSIS = YES;
				CLANG_WARN_STRICT_PROTOTYPES = YES;
				CLANG_WARN_SUSPICIOUS_MOVE = YES;
				CLANG_WARN_UNGUARDED_AVAILABILITY = YES_AGGRESSIVE;
				CLANG_WARN_UNREACHABLE_CODE = YES;
				CLANG_WARN__DUPLICATE_METHOD_MATCH = YES;
				COPY_PHASE_STRIP = NO;
				DEBUG_INFORMATION_FORMAT = dwarf;
				ENABLE_STRICT_OBJC_MSGSEND = YES;
				ENABLE_TESTABILITY = YES;
				GCC_C_LANGUAGE_STANDARD = gnu11;
				GCC_DYNAMIC_NO_PIC = NO;
				GCC_NO_COMMON_BLOCKS = YES;
				GCC_OPTIMIZATION_LEVEL = 0;
				GCC_PREPROCESSOR_DEFINITIONS = (
					"DEBUG=1",
					"$(inherited)",
				);
				GCC_WARN_64_TO_32_BIT_CONVERSION = YES;
				GCC_WARN_ABOUT_RETURN_TYPE = YES_ERROR;
				GCC_WARN_UNDECLARED_SELECTOR = YES;
				GCC_WARN_UNINITIALIZED_AUTOS = YES_AGGRESSIVE;
				GCC_WARN_UNUSED_FUNCTION = YES;
				GCC_WARN_UNUSED_VARIABLE = YES;
				IPHONEOS_DEPLOYMENT_TARGET = 14.5;
				MTL_ENABLE_DEBUG_INFO = INCLUDE_SOURCE;
				MTL_FAST_MATH = YES;
				ONLY_ACTIVE_ARCH = YES;
				SDKROOT = iphoneos;
				SWIFT_ACTIVE_COMPILATION_CONDITIONS = DEBUG;
				SWIFT_OPTIMIZATION_LEVEL = "-Onone";
			};
			name = Debug;
		};
		34B3BDBC26E8510800029621 /* Release */ = {
			isa = XCBuildConfiguration;
			buildSettings = {
				ALWAYS_SEARCH_USER_PATHS = NO;
				CLANG_ANALYZER_NONNULL = YES;
				CLANG_ANALYZER_NUMBER_OBJECT_CONVERSION = YES_AGGRESSIVE;
				CLANG_CXX_LANGUAGE_STANDARD = "gnu++14";
				CLANG_CXX_LIBRARY = "libc++";
				CLANG_ENABLE_MODULES = YES;
				CLANG_ENABLE_OBJC_ARC = YES;
				CLANG_ENABLE_OBJC_WEAK = YES;
				CLANG_WARN_BLOCK_CAPTURE_AUTORELEASING = YES;
				CLANG_WARN_BOOL_CONVERSION = YES;
				CLANG_WARN_COMMA = YES;
				CLANG_WARN_CONSTANT_CONVERSION = YES;
				CLANG_WARN_DEPRECATED_OBJC_IMPLEMENTATIONS = YES;
				CLANG_WARN_DIRECT_OBJC_ISA_USAGE = YES_ERROR;
				CLANG_WARN_DOCUMENTATION_COMMENTS = YES;
				CLANG_WARN_EMPTY_BODY = YES;
				CLANG_WARN_ENUM_CONVERSION = YES;
				CLANG_WARN_INFINITE_RECURSION = YES;
				CLANG_WARN_INT_CONVERSION = YES;
				CLANG_WARN_NON_LITERAL_NULL_CONVERSION = YES;
				CLANG_WARN_OBJC_IMPLICIT_RETAIN_SELF = YES;
				CLANG_WARN_OBJC_LITERAL_CONVERSION = YES;
				CLANG_WARN_OBJC_ROOT_CLASS = YES_ERROR;
				CLANG_WARN_QUOTED_INCLUDE_IN_FRAMEWORK_HEADER = YES;
				CLANG_WARN_RANGE_LOOP_ANALYSIS = YES;
				CLANG_WARN_STRICT_PROTOTYPES = YES;
				CLANG_WARN_SUSPICIOUS_MOVE = YES;
				CLANG_WARN_UNGUARDED_AVAILABILITY = YES_AGGRESSIVE;
				CLANG_WARN_UNREACHABLE_CODE = YES;
				CLANG_WARN__DUPLICATE_METHOD_MATCH = YES;
				COPY_PHASE_STRIP = NO;
				DEBUG_INFORMATION_FORMAT = "dwarf-with-dsym";
				ENABLE_NS_ASSERTIONS = NO;
				ENABLE_STRICT_OBJC_MSGSEND = YES;
				GCC_C_LANGUAGE_STANDARD = gnu11;
				GCC_NO_COMMON_BLOCKS = YES;
				GCC_WARN_64_TO_32_BIT_CONVERSION = YES;
				GCC_WARN_ABOUT_RETURN_TYPE = YES_ERROR;
				GCC_WARN_UNDECLARED_SELECTOR = YES;
				GCC_WARN_UNINITIALIZED_AUTOS = YES_AGGRESSIVE;
				GCC_WARN_UNUSED_FUNCTION = YES;
				GCC_WARN_UNUSED_VARIABLE = YES;
				IPHONEOS_DEPLOYMENT_TARGET = 14.5;
				MTL_ENABLE_DEBUG_INFO = NO;
				MTL_FAST_MATH = YES;
				SDKROOT = iphoneos;
				SWIFT_COMPILATION_MODE = wholemodule;
				SWIFT_OPTIMIZATION_LEVEL = "-O";
				VALIDATE_PRODUCT = YES;
			};
			name = Release;
		};
		34B3BDBE26E8510800029621 /* Debug */ = {
			isa = XCBuildConfiguration;
			buildSettings = {
				ASSETCATALOG_COMPILER_APPICON_NAME = AppIcon;
				ASSETCATALOG_COMPILER_GLOBAL_ACCENT_COLOR_NAME = AccentColor;
				CODE_SIGN_STYLE = Automatic;
				DEVELOPMENT_TEAM = 39J39RN7L5;
				INFOPLIST_FILE = music_Player/Info.plist;
				LD_RUNPATH_SEARCH_PATHS = (
					"$(inherited)",
					"@executable_path/Frameworks",
				);
				PRODUCT_BUNDLE_IDENTIFIER = "tomoyuki.music-Player";
				PRODUCT_NAME = "$(TARGET_NAME)";
				SWIFT_VERSION = 5.0;
				TARGETED_DEVICE_FAMILY = "1,2";
			};
			name = Debug;
		};
		34B3BDBF26E8510800029621 /* Release */ = {
			isa = XCBuildConfiguration;
			buildSettings = {
				ASSETCATALOG_COMPILER_APPICON_NAME = AppIcon;
				ASSETCATALOG_COMPILER_GLOBAL_ACCENT_COLOR_NAME = AccentColor;
				CODE_SIGN_STYLE = Automatic;
				DEVELOPMENT_TEAM = 39J39RN7L5;
				INFOPLIST_FILE = music_Player/Info.plist;
				LD_RUNPATH_SEARCH_PATHS = (
					"$(inherited)",
					"@executable_path/Frameworks",
				);
				PRODUCT_BUNDLE_IDENTIFIER = "tomoyuki.music-Player";
				PRODUCT_NAME = "$(TARGET_NAME)";
				SWIFT_VERSION = 5.0;
				TARGETED_DEVICE_FAMILY = "1,2";
			};
			name = Release;
		};
		34B3BDC126E8510800029621 /* Debug */ = {
			isa = XCBuildConfiguration;
			buildSettings = {
				ALWAYS_EMBED_SWIFT_STANDARD_LIBRARIES = YES;
				BUNDLE_LOADER = "$(TEST_HOST)";
				CODE_SIGN_STYLE = Automatic;
				DEVELOPMENT_TEAM = 39J39RN7L5;
				INFOPLIST_FILE = music_PlayerTests/Info.plist;
				IPHONEOS_DEPLOYMENT_TARGET = 14.5;
				LD_RUNPATH_SEARCH_PATHS = (
					"$(inherited)",
					"@executable_path/Frameworks",
					"@loader_path/Frameworks",
				);
				PRODUCT_BUNDLE_IDENTIFIER = "tomoyuki.music-PlayerTests";
				PRODUCT_NAME = "$(TARGET_NAME)";
				SWIFT_VERSION = 5.0;
				TARGETED_DEVICE_FAMILY = "1,2";
				TEST_HOST = "$(BUILT_PRODUCTS_DIR)/music_Player.app/music_Player";
			};
			name = Debug;
		};
		34B3BDC226E8510800029621 /* Release */ = {
			isa = XCBuildConfiguration;
			buildSettings = {
				ALWAYS_EMBED_SWIFT_STANDARD_LIBRARIES = YES;
				BUNDLE_LOADER = "$(TEST_HOST)";
				CODE_SIGN_STYLE = Automatic;
				DEVELOPMENT_TEAM = 39J39RN7L5;
				INFOPLIST_FILE = music_PlayerTests/Info.plist;
				IPHONEOS_DEPLOYMENT_TARGET = 14.5;
				LD_RUNPATH_SEARCH_PATHS = (
					"$(inherited)",
					"@executable_path/Frameworks",
					"@loader_path/Frameworks",
				);
				PRODUCT_BUNDLE_IDENTIFIER = "tomoyuki.music-PlayerTests";
				PRODUCT_NAME = "$(TARGET_NAME)";
				SWIFT_VERSION = 5.0;
				TARGETED_DEVICE_FAMILY = "1,2";
				TEST_HOST = "$(BUILT_PRODUCTS_DIR)/music_Player.app/music_Player";
			};
			name = Release;
		};
		34B3BDC426E8510800029621 /* Debug */ = {
			isa = XCBuildConfiguration;
			buildSettings = {
				ALWAYS_EMBED_SWIFT_STANDARD_LIBRARIES = YES;
				CODE_SIGN_STYLE = Automatic;
				DEVELOPMENT_TEAM = 39J39RN7L5;
				INFOPLIST_FILE = music_PlayerUITests/Info.plist;
				LD_RUNPATH_SEARCH_PATHS = (
					"$(inherited)",
					"@executable_path/Frameworks",
					"@loader_path/Frameworks",
				);
				PRODUCT_BUNDLE_IDENTIFIER = "tomoyuki.music-PlayerUITests";
				PRODUCT_NAME = "$(TARGET_NAME)";
				SWIFT_VERSION = 5.0;
				TARGETED_DEVICE_FAMILY = "1,2";
				TEST_TARGET_NAME = music_Player;
			};
			name = Debug;
		};
		34B3BDC526E8510800029621 /* Release */ = {
			isa = XCBuildConfiguration;
			buildSettings = {
				ALWAYS_EMBED_SWIFT_STANDARD_LIBRARIES = YES;
				CODE_SIGN_STYLE = Automatic;
				DEVELOPMENT_TEAM = 39J39RN7L5;
				INFOPLIST_FILE = music_PlayerUITests/Info.plist;
				LD_RUNPATH_SEARCH_PATHS = (
					"$(inherited)",
					"@executable_path/Frameworks",
					"@loader_path/Frameworks",
				);
				PRODUCT_BUNDLE_IDENTIFIER = "tomoyuki.music-PlayerUITests";
				PRODUCT_NAME = "$(TARGET_NAME)";
				SWIFT_VERSION = 5.0;
				TARGETED_DEVICE_FAMILY = "1,2";
				TEST_TARGET_NAME = music_Player;
			};
			name = Release;
		};
/* End XCBuildConfiguration section */

/* Begin XCConfigurationList section */
		34B3BD8E26E8510600029621 /* Build configuration list for PBXProject "music_Player" */ = {
			isa = XCConfigurationList;
			buildConfigurations = (
				34B3BDBB26E8510800029621 /* Debug */,
				34B3BDBC26E8510800029621 /* Release */,
			);
			defaultConfigurationIsVisible = 0;
			defaultConfigurationName = Release;
		};
		34B3BDBD26E8510800029621 /* Build configuration list for PBXNativeTarget "music_Player" */ = {
			isa = XCConfigurationList;
			buildConfigurations = (
				34B3BDBE26E8510800029621 /* Debug */,
				34B3BDBF26E8510800029621 /* Release */,
			);
			defaultConfigurationIsVisible = 0;
			defaultConfigurationName = Release;
		};
		34B3BDC026E8510800029621 /* Build configuration list for PBXNativeTarget "music_PlayerTests" */ = {
			isa = XCConfigurationList;
			buildConfigurations = (
				34B3BDC126E8510800029621 /* Debug */,
				34B3BDC226E8510800029621 /* Release */,
			);
			defaultConfigurationIsVisible = 0;
			defaultConfigurationName = Release;
		};
		34B3BDC326E8510800029621 /* Build configuration list for PBXNativeTarget "music_PlayerUITests" */ = {
			isa = XCConfigurationList;
			buildConfigurations = (
				34B3BDC426E8510800029621 /* Debug */,
				34B3BDC526E8510800029621 /* Release */,
			);
			defaultConfigurationIsVisible = 0;
			defaultConfigurationName = Release;
		};
/* End XCConfigurationList section */
	};
	rootObject = 34B3BD8B26E8510600029621 /* Project object */;
}
